
Microsoft Visual Studio Solution File, Format Version 12.00
# Visual Studio Version 17
VisualStudioVersion = 17.7.34009.444
MinimumVisualStudioVersion = 10.0.40219.1
Project("{9A19103F-16F7-4668-BE54-9A1E7A4F7556}") = "1. Diagonal Difference", "1. Diagonal Difference\1. Diagonal Difference.csproj", "{D9D21D10-4FA2-425F-92E8-34CBE69DB5F4}"
EndProject
Project("{9A19103F-16F7-4668-BE54-9A1E7A4F7556}") = "2. 2X2 Squares in Matrix", "2. 2X2 Squares in Matrix\2. 2X2 Squares in Matrix.csproj", "{943051FE-B12B-4693-A7F1-E701964A275F}"
EndProject
Project("{9A19103F-16F7-4668-BE54-9A1E7A4F7556}") = "3. Maximal Sum", "3. Maximal Sum\3. Maximal Sum.csproj", "{2CA724FC-178F-45F4-BF3B-32A20EC1F7C5}"
EndProject
Project("{9A19103F-16F7-4668-BE54-9A1E7A4F7556}") = "4. Matrix Shuffling", "4. Matrix Shuffling\4. Matrix Shuffling.csproj", "{335845AA-E5BB-4269-864B-8DFE030C7313}"
EndProject
Project("{9A19103F-16F7-4668-BE54-9A1E7A4F7556}") = "5. Snake Moves", "5. Snake Moves\5. Snake Moves.csproj", "{0F0972DB-E530-488F-870C-D10C0CC03845}"
EndProject
Project("{9A19103F-16F7-4668-BE54-9A1E7A4F7556}") = "6. Jagged Array Manipulator", "6. Jagged Array Manipulator\6. Jagged Array Manipulator.csproj", "{C31BD266-CDDB-4EE9-BBA3-BC1FC5C12A4B}"
EndProject
Project("{FAE04EC0-301F-11D3-BF4B-00C04F79EFBC}") = "7. Knight Game", "7. Knight Game\7. Knight Game.csproj", "{37C4A4C5-4BF2-4187-A0F1-B8D12C954D05}"
EndProject
Project("{FAE04EC0-301F-11D3-BF4B-00C04F79EFBC}") = "8. Bombs", "8. Bombs\8. Bombs.csproj", "{D904D111-3FBF-4A48-82E9-6515531F39FF}"
EndProject
Project("{FAE04EC0-301F-11D3-BF4B-00C04F79EFBC}") = "9. Miner", "9. Miner\9. Miner.csproj", "{85222450-273A-40FC-AD39-6F1E3D78005A}"
EndProject
Project("{FAE04EC0-301F-11D3-BF4B-00C04F79EFBC}") = "10. Radioactive Mutant Vampire Bunnies", "10. Radioactive Mutant Vampire Bunnies\10. Radioactive Mutant Vampire Bunnies.csproj", "{E968DA6C-58BC-4C13-A59F-20AA8A97E01A}"
EndProject
Global
	GlobalSection(SolutionConfigurationPlatforms) = preSolution
		Debug|Any CPU = Debug|Any CPU
		Release|Any CPU = Release|Any CPU
	EndGlobalSection
	GlobalSection(ProjectConfigurationPlatforms) = postSolution
		{D9D21D10-4FA2-425F-92E8-34CBE69DB5F4}.Debug|Any CPU.ActiveCfg = Debug|Any CPU
		{D9D21D10-4FA2-425F-92E8-34CBE69DB5F4}.Debug|Any CPU.Build.0 = Debug|Any CPU
		{D9D21D10-4FA2-425F-92E8-34CBE69DB5F4}.Release|Any CPU.ActiveCfg = Release|Any CPU
		{D9D21D10-4FA2-425F-92E8-34CBE69DB5F4}.Release|Any CPU.Build.0 = Release|Any CPU
		{943051FE-B12B-4693-A7F1-E701964A275F}.Debug|Any CPU.ActiveCfg = Debug|Any CPU
		{943051FE-B12B-4693-A7F1-E701964A275F}.Debug|Any CPU.Build.0 = Debug|Any CPU
		{943051FE-B12B-4693-A7F1-E701964A275F}.Release|Any CPU.ActiveCfg = Release|Any CPU
		{943051FE-B12B-4693-A7F1-E701964A275F}.Release|Any CPU.Build.0 = Release|Any CPU
		{2CA724FC-178F-45F4-BF3B-32A20EC1F7C5}.Debug|Any CPU.ActiveCfg = Debug|Any CPU
		{2CA724FC-178F-45F4-BF3B-32A20EC1F7C5}.Debug|Any CPU.Build.0 = Debug|Any CPU
		{2CA724FC-178F-45F4-BF3B-32A20EC1F7C5}.Release|Any CPU.ActiveCfg = Release|Any CPU
		{2CA724FC-178F-45F4-BF3B-32A20EC1F7C5}.Release|Any CPU.Build.0 = Release|Any CPU
		{335845AA-E5BB-4269-864B-8DFE030C7313}.Debug|Any CPU.ActiveCfg = Debug|Any CPU
		{335845AA-E5BB-4269-864B-8DFE030C7313}.Debug|Any CPU.Build.0 = Debug|Any CPU
		{335845AA-E5BB-4269-864B-8DFE030C7313}.Release|Any CPU.ActiveCfg = Release|Any CPU
		{335845AA-E5BB-4269-864B-8DFE030C7313}.Release|Any CPU.Build.0 = Release|Any CPU
		{0F0972DB-E530-488F-870C-D10C0CC03845}.Debug|Any CPU.ActiveCfg = Debug|Any CPU
		{0F0972DB-E530-488F-870C-D10C0CC03845}.Debug|Any CPU.Build.0 = Debug|Any CPU
		{0F0972DB-E530-488F-870C-D10C0CC03845}.Release|Any CPU.ActiveCfg = Release|Any CPU
		{0F0972DB-E530-488F-870C-D10C0CC03845}.Release|Any CPU.Build.0 = Release|Any CPU
		{C31BD266-CDDB-4EE9-BBA3-BC1FC5C12A4B}.Debug|Any CPU.ActiveCfg = Debug|Any CPU
		{C31BD266-CDDB-4EE9-BBA3-BC1FC5C12A4B}.Debug|Any CPU.Build.0 = Debug|Any CPU
		{C31BD266-CDDB-4EE9-BBA3-BC1FC5C12A4B}.Release|Any CPU.ActiveCfg = Release|Any CPU
		{C31BD266-CDDB-4EE9-BBA3-BC1FC5C12A4B}.Release|Any CPU.Build.0 = Release|Any CPU
		{37C4A4C5-4BF2-4187-A0F1-B8D12C954D05}.Debug|Any CPU.ActiveCfg = Debug|Any CPU
		{37C4A4C5-4BF2-4187-A0F1-B8D12C954D05}.Debug|Any CPU.Build.0 = Debug|Any CPU
		{37C4A4C5-4BF2-4187-A0F1-B8D12C954D05}.Release|Any CPU.ActiveCfg = Release|Any CPU
		{37C4A4C5-4BF2-4187-A0F1-B8D12C954D05}.Release|Any CPU.Build.0 = Release|Any CPU
		{D904D111-3FBF-4A48-82E9-6515531F39FF}.Debug|Any CPU.ActiveCfg = Debug|Any CPU
		{D904D111-3FBF-4A48-82E9-6515531F39FF}.Debug|Any CPU.Build.0 = Debug|Any CPU
		{D904D111-3FBF-4A48-82E9-6515531F39FF}.Release|Any CPU.ActiveCfg = Release|Any CPU
		{D904D111-3FBF-4A48-82E9-6515531F39FF}.Release|Any CPU.Build.0 = Release|Any CPU
		{85222450-273A-40FC-AD39-6F1E3D78005A}.Debug|Any CPU.ActiveCfg = Debug|Any CPU
		{85222450-273A-40FC-AD39-6F1E3D78005A}.Debug|Any CPU.Build.0 = Debug|Any CPU
		{85222450-273A-40FC-AD39-6F1E3D78005A}.Release|Any CPU.ActiveCfg = Release|Any CPU
		{85222450-273A-40FC-AD39-6F1E3D78005A}.Release|Any CPU.Build.0 = Release|Any CPU
		{E968DA6C-58BC-4C13-A59F-20AA8A97E01A}.Debug|Any CPU.ActiveCfg = Debug|Any CPU
		{E968DA6C-58BC-4C13-A59F-20AA8A97E01A}.Debug|Any CPU.Build.0 = Debug|Any CPU
		{E968DA6C-58BC-4C13-A59F-20AA8A97E01A}.Release|Any CPU.ActiveCfg = Release|Any CPU
		{E968DA6C-58BC-4C13-A59F-20AA8A97E01A}.Release|Any CPU.Build.0 = Release|Any CPU
	EndGlobalSection
	GlobalSection(SolutionProperties) = preSolution
		HideSolutionNode = FALSE
	EndGlobalSection
	GlobalSection(ExtensibilityGlobals) = postSolution
		SolutionGuid = {D29AA6D3-4CC7-4217-BA78-5783C4A0F555}
	EndGlobalSection
EndGlobal
